
Microsoft Visual Studio Solution File, Format Version 12.00
Project("{FAE04EC0-301F-11D3-BF4B-00C04F79EFBC}") = "MinimalAPI", "MinimalAPI\MinimalAPI.csproj", "{BE9415C2-91A8-4B07-9D20-FC061ECCCCCD}"
EndProject
Global
	GlobalSection(SolutionConfigurationPlatforms) = preSolution
		Debug|Any CPU = Debug|Any CPU
		Release|Any CPU = Release|Any CPU
	EndGlobalSection
	GlobalSection(ProjectConfigurationPlatforms) = postSolution
		{BE9415C2-91A8-4B07-9D20-FC061ECCCCCD}.Debug|Any CPU.ActiveCfg = Debug|Any CPU
		{BE9415C2-91A8-4B07-9D20-FC061ECCCCCD}.Debug|Any CPU.Build.0 = Debug|Any CPU
		{BE9415C2-91A8-4B07-9D20-FC061ECCCCCD}.Release|Any CPU.ActiveCfg = Release|Any CPU
		{BE9415C2-91A8-4B07-9D20-FC061ECCCCCD}.Release|Any CPU.Build.0 = Release|Any CPU
	EndGlobalSection
EndGlobal
